
Microsoft Visual Studio Solution File, Format Version 12.00
# Visual Studio Version 17
VisualStudioVersion = 17.3.32901.215
MinimumVisualStudioVersion = 10.0.40219.1
Project("{FAE04EC0-301F-11D3-BF4B-00C04F79EFBC}") = "CrudOperationUsingSsms", "CrudOperationUsingSsms\CrudOperationUsingSsms.csproj", "{4AAAE422-69FF-4B50-AD7D-7079F73523D4}"
EndProject
Global
	GlobalSection(SolutionConfigurationPlatforms) = preSolution
		Debug|Any CPU = Debug|Any CPU
		Release|Any CPU = Release|Any CPU
	EndGlobalSection
	GlobalSection(ProjectConfigurationPlatforms) = postSolution
		{4AAAE422-69FF-4B50-AD7D-7079F73523D4}.Debug|Any CPU.ActiveCfg = Debug|Any CPU
		{4AAAE422-69FF-4B50-AD7D-7079F73523D4}.Debug|Any CPU.Build.0 = Debug|Any CPU
		{4AAAE422-69FF-4B50-AD7D-7079F73523D4}.Release|Any CPU.ActiveCfg = Release|Any CPU
		{4AAAE422-69FF-4B50-AD7D-7079F73523D4}.Release|Any CPU.Build.0 = Release|Any CPU
	EndGlobalSection
	GlobalSection(SolutionProperties) = preSolution
		HideSolutionNode = FALSE
	EndGlobalSection
	GlobalSection(ExtensibilityGlobals) = postSolution
		SolutionGuid = {CBB86DDE-FC36-4295-9035-613A6805FFF4}
	EndGlobalSection
EndGlobal
